
Microsoft Visual Studio Solution File, Format Version 12.00
# Visual Studio 15
VisualStudioVersion = 15.0.28307.852
MinimumVisualStudioVersion = 10.0.40219.1
Project("{FAE04EC0-301F-11D3-BF4B-00C04F79EFBC}") = "Zadanie3", "Zadanie3\Zadanie3.csproj", "{F75CBA01-2223-4E14-BB81-3796DDEA3F86}"
EndProject
Project("{FAE04EC0-301F-11D3-BF4B-00C04F79EFBC}") = "UnitTests", "UnitTests\UnitTests.csproj", "{DDAAF5B7-A065-4AD7-8882-D2ACB8254B5D}"
EndProject
Global
	GlobalSection(SolutionConfigurationPlatforms) = preSolution
		Debug|Any CPU = Debug|Any CPU
		Release|Any CPU = Release|Any CPU
	EndGlobalSection
	GlobalSection(ProjectConfigurationPlatforms) = postSolution
		{F75CBA01-2223-4E14-BB81-3796DDEA3F86}.Debug|Any CPU.ActiveCfg = Debug|Any CPU
		{F75CBA01-2223-4E14-BB81-3796DDEA3F86}.Debug|Any CPU.Build.0 = Debug|Any CPU
		{F75CBA01-2223-4E14-BB81-3796DDEA3F86}.Release|Any CPU.ActiveCfg = Release|Any CPU
		{F75CBA01-2223-4E14-BB81-3796DDEA3F86}.Release|Any CPU.Build.0 = Release|Any CPU
		{DDAAF5B7-A065-4AD7-8882-D2ACB8254B5D}.Debug|Any CPU.ActiveCfg = Debug|Any CPU
		{DDAAF5B7-A065-4AD7-8882-D2ACB8254B5D}.Debug|Any CPU.Build.0 = Debug|Any CPU
		{DDAAF5B7-A065-4AD7-8882-D2ACB8254B5D}.Release|Any CPU.ActiveCfg = Release|Any CPU
		{DDAAF5B7-A065-4AD7-8882-D2ACB8254B5D}.Release|Any CPU.Build.0 = Release|Any CPU
	EndGlobalSection
	GlobalSection(SolutionProperties) = preSolution
		HideSolutionNode = FALSE
	EndGlobalSection
	GlobalSection(ExtensibilityGlobals) = postSolution
		SolutionGuid = {3764B33B-44D0-428A-9A8A-9D7F4E265195}
	EndGlobalSection
EndGlobal
